
Microsoft Visual Studio Solution File, Format Version 11.00
# Visual Studio 2010
Project("{8BC9CEB8-8B4A-11D0-8D11-00A0C91BC942}") = "Interface", "Interface\Interface.vcxproj", "{16036AD2-1A70-433B-A2BD-00DE1EBAF12B}"
EndProject
Global
	GlobalSection(SolutionConfigurationPlatforms) = preSolution
		Debug|Win32 = Debug|Win32
		Release|Win32 = Release|Win32
	EndGlobalSection
	GlobalSection(ProjectConfigurationPlatforms) = postSolution
		{16036AD2-1A70-433B-A2BD-00DE1EBAF12B}.Debug|Win32.ActiveCfg = Debug|Win32
		{16036AD2-1A70-433B-A2BD-00DE1EBAF12B}.Debug|Win32.Build.0 = Debug|Win32
		{16036AD2-1A70-433B-A2BD-00DE1EBAF12B}.Release|Win32.ActiveCfg = Release|Win32
		{16036AD2-1A70-433B-A2BD-00DE1EBAF12B}.Release|Win32.Build.0 = Release|Win32
	EndGlobalSection
	GlobalSection(SolutionProperties) = preSolution
		HideSolutionNode = FALSE
	EndGlobalSection
EndGlobal
